
Microsoft Visual Studio Solution File, Format Version 12.00
# Visual Studio Version 16
VisualStudioVersion = 16.0.29806.167
MinimumVisualStudioVersion = 10.0.40219.1
Project("{9A19103F-16F7-4668-BE54-9A1E7A4F7556}") = "Api", "Api\Api.csproj", "{FE716593-FA6A-4268-8F41-D2AC527C055F}"
EndProject
Project("{9A19103F-16F7-4668-BE54-9A1E7A4F7556}") = "DataAccessLayer", "DataAccessLayer\DataAccessLayer.csproj", "{CA613E5D-03DE-410E-9AC6-71E41D5D8E6B}"
EndProject
Project("{9A19103F-16F7-4668-BE54-9A1E7A4F7556}") = "Domain", "Domain\Domain.csproj", "{722CB105-8BDB-4857-8E8F-AEF75A7C339B}"
EndProject
Global
	GlobalSection(SolutionConfigurationPlatforms) = preSolution
		Debug|Any CPU = Debug|Any CPU
		Release|Any CPU = Release|Any CPU
	EndGlobalSection
	GlobalSection(ProjectConfigurationPlatforms) = postSolution
		{FE716593-FA6A-4268-8F41-D2AC527C055F}.Debug|Any CPU.ActiveCfg = Debug|Any CPU
		{FE716593-FA6A-4268-8F41-D2AC527C055F}.Debug|Any CPU.Build.0 = Debug|Any CPU
		{FE716593-FA6A-4268-8F41-D2AC527C055F}.Release|Any CPU.ActiveCfg = Release|Any CPU
		{FE716593-FA6A-4268-8F41-D2AC527C055F}.Release|Any CPU.Build.0 = Release|Any CPU
		{CA613E5D-03DE-410E-9AC6-71E41D5D8E6B}.Debug|Any CPU.ActiveCfg = Debug|Any CPU
		{CA613E5D-03DE-410E-9AC6-71E41D5D8E6B}.Debug|Any CPU.Build.0 = Debug|Any CPU
		{CA613E5D-03DE-410E-9AC6-71E41D5D8E6B}.Release|Any CPU.ActiveCfg = Release|Any CPU
		{CA613E5D-03DE-410E-9AC6-71E41D5D8E6B}.Release|Any CPU.Build.0 = Release|Any CPU
		{722CB105-8BDB-4857-8E8F-AEF75A7C339B}.Debug|Any CPU.ActiveCfg = Debug|Any CPU
		{722CB105-8BDB-4857-8E8F-AEF75A7C339B}.Debug|Any CPU.Build.0 = Debug|Any CPU
		{722CB105-8BDB-4857-8E8F-AEF75A7C339B}.Release|Any CPU.ActiveCfg = Release|Any CPU
		{722CB105-8BDB-4857-8E8F-AEF75A7C339B}.Release|Any CPU.Build.0 = Release|Any CPU
	EndGlobalSection
	GlobalSection(SolutionProperties) = preSolution
		HideSolutionNode = FALSE
	EndGlobalSection
	GlobalSection(ExtensibilityGlobals) = postSolution
		SolutionGuid = {A63DEDEB-A6A5-4231-B6FE-B840BEBFFA3C}
	EndGlobalSection
EndGlobal
